
Microsoft Visual Studio Solution File, Format Version 12.00
# Visual Studio 15
VisualStudioVersion = 15.0.28010.2036
MinimumVisualStudioVersion = 10.0.40219.1
Project("{FAE04EC0-301F-11D3-BF4B-00C04F79EFBC}") = "API Test", "API Test\API Test.csproj", "{A0A5AB0D-436A-4EB0-BF2F-49EEFFE3C662}"
EndProject
Global
	GlobalSection(SolutionConfigurationPlatforms) = preSolution
		Debug|Any CPU = Debug|Any CPU
		Release|Any CPU = Release|Any CPU
	EndGlobalSection
	GlobalSection(ProjectConfigurationPlatforms) = postSolution
		{A0A5AB0D-436A-4EB0-BF2F-49EEFFE3C662}.Debug|Any CPU.ActiveCfg = Debug|Any CPU
		{A0A5AB0D-436A-4EB0-BF2F-49EEFFE3C662}.Debug|Any CPU.Build.0 = Debug|Any CPU
		{A0A5AB0D-436A-4EB0-BF2F-49EEFFE3C662}.Release|Any CPU.ActiveCfg = Release|Any CPU
		{A0A5AB0D-436A-4EB0-BF2F-49EEFFE3C662}.Release|Any CPU.Build.0 = Release|Any CPU
	EndGlobalSection
	GlobalSection(SolutionProperties) = preSolution
		HideSolutionNode = FALSE
	EndGlobalSection
	GlobalSection(ExtensibilityGlobals) = postSolution
		SolutionGuid = {3F29C93E-A149-4704-B921-3C7187A1E407}
	EndGlobalSection
EndGlobal
